
Microsoft Visual Studio Solution File, Format Version 12.00
# Visual Studio Version 16
VisualStudioVersion = 16.0.30128.74
MinimumVisualStudioVersion = 10.0.40219.1
Project("{FAE04EC0-301F-11D3-BF4B-00C04F79EFBC}") = "PackageWorkshop.Site", ".website\PackageWorkshop.Site.csproj", "{ed06f802-780a-43a5-a37a-83289b76bf56}"
EndProject
Project("{9A19103F-16F7-4668-BE54-9A1E7A4F7556}") = "PackageWorkshop", "src\PackageWorkshop\PackageWorkshop.csproj", "{c893cda4-2360-4ce2-aaa7-a718173cb709}"
EndProject
Global
	GlobalSection(SolutionConfigurationPlatforms) = preSolution
		Debug|Any CPU = Debug|Any CPU
		Release|Any CPU = Release|Any CPU
	EndGlobalSection
	GlobalSection(ProjectConfigurationPlatforms) = postSolution
		{ed06f802-780a-43a5-a37a-83289b76bf56}.Debug|Any CPU.ActiveCfg = Debug|Any CPU
		{ed06f802-780a-43a5-a37a-83289b76bf56}.Debug|Any CPU.Build.0 = Debug|Any CPU
		{ed06f802-780a-43a5-a37a-83289b76bf56}.Release|Any CPU.ActiveCfg = Release|Any CPU
		{ed06f802-780a-43a5-a37a-83289b76bf56}.Release|Any CPU.Build.0 = Release|Any CPU
		{c893cda4-2360-4ce2-aaa7-a718173cb709}.Debug|Any CPU.ActiveCfg = Debug|Any CPU
		{c893cda4-2360-4ce2-aaa7-a718173cb709}.Debug|Any CPU.Build.0 = Debug|Any CPU
		{c893cda4-2360-4ce2-aaa7-a718173cb709}.Release|Any CPU.ActiveCfg = Release|Any CPU
		{c893cda4-2360-4ce2-aaa7-a718173cb709}.Release|Any CPU.Build.0 = Release|Any CPU
	EndGlobalSection
	GlobalSection(SolutionProperties) = preSolution
		HideSolutionNode = FALSE
	EndGlobalSection
	GlobalSection(ExtensibilityGlobals) = postSolution
		SolutionGuid = {0A4335E4-0198-4777-9409-64E22F1F8F2C}
	EndGlobalSection
EndGlobal
